
Microsoft Visual Studio Solution File, Format Version 12.00
# Visual Studio 14
VisualStudioVersion = 14.0.25420.1
MinimumVisualStudioVersion = 10.0.40219.1
Project("{FAE04EC0-301F-11D3-BF4B-00C04F79EFBC}") = "Cartesian to polar convertor 1", "Cartesian to polar convertor 1\Cartesian to polar convertor 1.csproj", "{01EB309D-31BF-47A2-B43D-D2654F4488FE}"
EndProject
Global
	GlobalSection(SolutionConfigurationPlatforms) = preSolution
		Debug|Any CPU = Debug|Any CPU
		Release|Any CPU = Release|Any CPU
	EndGlobalSection
	GlobalSection(ProjectConfigurationPlatforms) = postSolution
		{01EB309D-31BF-47A2-B43D-D2654F4488FE}.Debug|Any CPU.ActiveCfg = Debug|Any CPU
		{01EB309D-31BF-47A2-B43D-D2654F4488FE}.Debug|Any CPU.Build.0 = Debug|Any CPU
		{01EB309D-31BF-47A2-B43D-D2654F4488FE}.Release|Any CPU.ActiveCfg = Release|Any CPU
		{01EB309D-31BF-47A2-B43D-D2654F4488FE}.Release|Any CPU.Build.0 = Release|Any CPU
	EndGlobalSection
	GlobalSection(SolutionProperties) = preSolution
		HideSolutionNode = FALSE
	EndGlobalSection
EndGlobal
